// !$*UTF8*$!
{
	archiveVersion = 1;
	classes = {
	};
	objectVersion = 50;
	objects = {

/* Begin PBXBuildFile section */
		7E253DE32545C83300109756 /* AppDelegate.swift in Sources */ = {isa = PBXBuildFile; fileRef = 7E253DE22545C83300109756 /* AppDelegate.swift */; };
		7E253DE52545C83300109756 /* ViewController.swift in Sources */ = {isa = PBXBuildFile; fileRef = 7E253DE42545C83300109756 /* ViewController.swift */; };
		7E253DE82545C83300109756 /* Main.storyboard in Resources */ = {isa = PBXBuildFile; fileRef = 7E253DE62545C83300109756 /* Main.storyboard */; };
		7E253DEA2545C83A00109756 /* Assets.xcassets in Resources */ = {isa = PBXBuildFile; fileRef = 7E253DE92545C83A00109756 /* Assets.xcassets */; };
		7E253DED2545C83A00109756 /* LaunchScreen.storyboard in Resources */ = {isa = PBXBuildFile; fileRef = 7E253DEB2545C83A00109756 /* LaunchScreen.storyboard */; };
		7E253DF82545C83B00109756 /* ios_mvvm_appTests.swift in Sources */ = {isa = PBXBuildFile; fileRef = 7E253DF72545C83B00109756 /* ios_mvvm_appTests.swift */; };
		7E253E032545C83B00109756 /* ios_mvvm_appUITests.swift in Sources */ = {isa = PBXBuildFile; fileRef = 7E253E022545C83B00109756 /* ios_mvvm_appUITests.swift */; };
/* End PBXBuildFile section */

/* Begin PBXContainerItemProxy section */
		7E253DF42545C83B00109756 /* PBXContainerItemProxy */ = {
			isa = PBXContainerItemProxy;
			containerPortal = 7E253DD72545C83300109756 /* Project object */;
			proxyType = 1;
			remoteGlobalIDString = 7E253DDE2545C83300109756;
			remoteInfo = "ios mvvm app";
		};
		7E253DFF2545C83B00109756 /* PBXContainerItemProxy */ = {
			isa = PBXContainerItemProxy;
			containerPortal = 7E253DD72545C83300109756 /* Project object */;
			proxyType = 1;
			remoteGlobalIDString = 7E253DDE2545C83300109756;
			remoteInfo = "ios mvvm app";
		};
/* End PBXContainerItemProxy section */

/* Begin PBXFileReference section */
		7E253DDF2545C83300109756 /* ios mvvm app.app */ = {isa = PBXFileReference; explicitFileType = wrapper.application; includeInIndex = 0; path = "ios mvvm app.app"; sourceTree = BUILT_PRODUCTS_DIR; };
		7E253DE22545C83300109756 /* AppDelegate.swift */ = {isa = PBXFileReference; lastKnownFileType = sourcecode.swift; path = AppDelegate.swift; sourceTree = "<group>"; };
		7E253DE42545C83300109756 /* ViewController.swift */ = {isa = PBXFileReference; lastKnownFileType = sourcecode.swift; path = ViewController.swift; sourceTree = "<group>"; };
		7E253DE72545C83300109756 /* Base */ = {isa = PBXFileReference; lastKnownFileType = file.storyboard; name = Base; path = Base.lproj/Main.storyboard; sourceTree = "<group>"; };
		7E253DE92545C83A00109756 /* Assets.xcassets */ = {isa = PBXFileReference; lastKnownFileType = folder.assetcatalog; path = Assets.xcassets; sourceTree = "<group>"; };
		7E253DEC2545C83A00109756 /* Base */ = {isa = PBXFileReference; lastKnownFileType = file.storyboard; name = Base; path = Base.lproj/LaunchScreen.storyboard; sourceTree = "<group>"; };
		7E253DEE2545C83A00109756 /* Info.plist */ = {isa = PBXFileReference; lastKnownFileType = text.plist.xml; path = Info.plist; sourceTree = "<group>"; };
		7E253DF32545C83B00109756 /* ios mvvm appTests.xctest */ = {isa = PBXFileReference; explicitFileType = wrapper.cfbundle; includeInIndex = 0; path = "ios mvvm appTests.xctest"; sourceTree = BUILT_PRODUCTS_DIR; };
		7E253DF72545C83B00109756 /* ios_mvvm_appTests.swift */ = {isa = PBXFileReference; lastKnownFileType = sourcecode.swift; path = ios_mvvm_appTests.swift; sourceTree = "<group>"; };
		7E253DF92545C83B00109756 /* Info.plist */ = {isa = PBXFileReference; lastKnownFileType = text.plist.xml; path = Info.plist; sourceTree = "<group>"; };
		7E253DFE2545C83B00109756 /* ios mvvm appUITests.xctest */ = {isa = PBXFileReference; explicitFileType = wrapper.cfbundle; includeInIndex = 0; path = "ios mvvm appUITests.xctest"; sourceTree = BUILT_PRODUCTS_DIR; };
		7E253E022545C83B00109756 /* ios_mvvm_appUITests.swift */ = {isa = PBXFileReference; lastKnownFileType = sourcecode.swift; path = ios_mvvm_appUITests.swift; sourceTree = "<group>"; };
		7E253E042545C83B00109756 /* Info.plist */ = {isa = PBXFileReference; lastKnownFileType = text.plist.xml; path = Info.plist; sourceTree = "<group>"; };
/* End PBXFileReference section */

/* Begin PBXFrameworksBuildPhase section */
		7E253DDC2545C83300109756 /* Frameworks */ = {
			isa = PBXFrameworksBuildPhase;
			buildActionMask = 2147483647;
			files = (
			);
			runOnlyForDeploymentPostprocessing = 0;
		};
		7E253DF02545C83B00109756 /* Frameworks */ = {
			isa = PBXFrameworksBuildPhase;
			buildActionMask = 2147483647;
			files = (
			);
			runOnlyForDeploymentPostprocessing = 0;
		};
		7E253DFB2545C83B00109756 /* Frameworks */ = {
			isa = PBXFrameworksBuildPhase;
			buildActionMask = 2147483647;
			files = (
			);
			runOnlyForDeploymentPostprocessing = 0;
		};
/* End PBXFrameworksBuildPhase section */

/* Begin PBXGroup section */
		7E253DD62545C83300109756 = {
			isa = PBXGroup;
			children = (
				7E253DE12545C83300109756 /* ios mvvm app */,
				7E253DF62545C83B00109756 /* ios mvvm appTests */,
				7E253E012545C83B00109756 /* ios mvvm appUITests */,
				7E253DE02545C83300109756 /* Products */,
			);
			sourceTree = "<group>";
		};
		7E253DE02545C83300109756 /* Products */ = {
			isa = PBXGroup;
			children = (
				7E253DDF2545C83300109756 /* ios mvvm app.app */,
				7E253DF32545C83B00109756 /* ios mvvm appTests.xctest */,
				7E253DFE2545C83B00109756 /* ios mvvm appUITests.xctest */,
			);
			name = Products;
			sourceTree = "<group>";
		};
		7E253DE12545C83300109756 /* ios mvvm app */ = {
			isa = PBXGroup;
			children = (
				7E253DE22545C83300109756 /* AppDelegate.swift */,
				7E253DE42545C83300109756 /* ViewController.swift */,
				7E253DE62545C83300109756 /* Main.storyboard */,
				7E253DE92545C83A00109756 /* Assets.xcassets */,
				7E253DEB2545C83A00109756 /* LaunchScreen.storyboard */,
				7E253DEE2545C83A00109756 /* Info.plist */,
			);
			path = "ios mvvm app";
			sourceTree = "<group>";
		};
		7E253DF62545C83B00109756 /* ios mvvm appTests */ = {
			isa = PBXGroup;
			children = (
				7E253DF72545C83B00109756 /* ios_mvvm_appTests.swift */,
				7E253DF92545C83B00109756 /* Info.plist */,
			);
			path = "ios mvvm appTests";
			sourceTree = "<group>";
		};
		7E253E012545C83B00109756 /* ios mvvm appUITests */ = {
			isa = PBXGroup;
			children = (
				7E253E022545C83B00109756 /* ios_mvvm_appUITests.swift */,
				7E253E042545C83B00109756 /* Info.plist */,
			);
			path = "ios mvvm appUITests";
			sourceTree = "<group>";
		};
/* End PBXGroup section */

/* Begin PBXNativeTarget section */
		7E253DDE2545C83300109756 /* ios mvvm app */ = {
			isa = PBXNativeTarget;
			buildConfigurationList = 7E253E072545C83B00109756 /* Build configuration list for PBXNativeTarget "ios mvvm app" */;
			buildPhases = (
				7E253DDB2545C83300109756 /* Sources */,
				7E253DDC2545C83300109756 /* Frameworks */,
				7E253DDD2545C83300109756 /* Resources */,
			);
			buildRules = (
			);
			dependencies = (
			);
			name = "ios mvvm app";
			productName = "ios mvvm app";
			productReference = 7E253DDF2545C83300109756 /* ios mvvm app.app */;
			productType = "com.apple.product-type.application";
		};
		7E253DF22545C83B00109756 /* ios mvvm appTests */ = {
			isa = PBXNativeTarget;
			buildConfigurationList = 7E253E0A2545C83B00109756 /* Build configuration list for PBXNativeTarget "ios mvvm appTests" */;
			buildPhases = (
				7E253DEF2545C83B00109756 /* Sources */,
				7E253DF02545C83B00109756 /* Frameworks */,
				7E253DF12545C83B00109756 /* Resources */,
			);
			buildRules = (
			);
			dependencies = (
				7E253DF52545C83B00109756 /* PBXTargetDependency */,
			);
			name = "ios mvvm appTests";
			productName = "ios mvvm appTests";
			productReference = 7E253DF32545C83B00109756 /* ios mvvm appTests.xctest */;
			productType = "com.apple.product-type.bundle.unit-test";
		};
		7E253DFD2545C83B00109756 /* ios mvvm appUITests */ = {
			isa = PBXNativeTarget;
			buildConfigurationList = 7E253E0D2545C83B00109756 /* Build configuration list for PBXNativeTarget "ios mvvm appUITests" */;
			buildPhases = (
				7E253DFA2545C83B00109756 /* Sources */,
				7E253DFB2545C83B00109756 /* Frameworks */,
				7E253DFC2545C83B00109756 /* Resources */,
			);
			buildRules = (
			);
			dependencies = (
				7E253E002545C83B00109756 /* PBXTargetDependency */,
			);
			name = "ios mvvm appUITests";
			productName = "ios mvvm appUITests";
			productReference = 7E253DFE2545C83B00109756 /* ios mvvm appUITests.xctest */;
			productType = "com.apple.product-type.bundle.ui-testing";
		};
/* End PBXNativeTarget section */

/* Begin PBXProject section */
		7E253DD72545C83300109756 /* Project object */ = {
			isa = PBXProject;
			attributes = {
				LastSwiftUpdateCheck = 1020;
				LastUpgradeCheck = 1020;
				ORGANIZATIONNAME = ahmedelbasha;
				TargetAttributes = {
					7E253DDE2545C83300109756 = {
						CreatedOnToolsVersion = 10.2.1;
					};
					7E253DF22545C83B00109756 = {
						CreatedOnToolsVersion = 10.2.1;
						TestTargetID = 7E253DDE2545C83300109756;
					};
					7E253DFD2545C83B00109756 = {
						CreatedOnToolsVersion = 10.2.1;
						TestTargetID = 7E253DDE2545C83300109756;
					};
				};
			};
			buildConfigurationList = 7E253DDA2545C83300109756 /* Build configuration list for PBXProject "ios mvvm app" */;
			compatibilityVersion = "Xcode 9.3";
			developmentRegion = en;
			hasScannedForEncodings = 0;
			knownRegions = (
				en,
				Base,
			);
			mainGroup = 7E253DD62545C83300109756;
			productRefGroup = 7E253DE02545C83300109756 /* Products */;
			projectDirPath = "";
			projectRoot = "";
			targets = (
				7E253DDE2545C83300109756 /* ios mvvm app */,
				7E253DF22545C83B00109756 /* ios mvvm appTests */,
				7E253DFD2545C83B00109756 /* ios mvvm appUITests */,
			);
		};
/* End PBXProject section */

/* Begin PBXResourcesBuildPhase section */
		7E253DDD2545C83300109756 /* Resources */ = {
			isa = PBXResourcesBuildPhase;
			buildActionMask = 2147483647;
			files = (
				7E253DED2545C83A00109756 /* LaunchScreen.storyboard in Resources */,
				7E253DEA2545C83A00109756 /* Assets.xcassets in Resources */,
				7E253DE82545C83300109756 /* Main.storyboard in Resources */,
			);
			runOnlyForDeploymentPostprocessing = 0;
		};
		7E253DF12545C83B00109756 /* Resources */ = {
			isa = PBXResourcesBuildPhase;
			buildActionMask = 2147483647;
			files = (
			);
			runOnlyForDeploymentPostprocessing = 0;
		};
		7E253DFC2545C83B00109756 /* Resources */ = {
			isa = PBXResourcesBuildPhase;
			buildActionMask = 2147483647;
			files = (
			);
			runOnlyForDeploymentPostprocessing = 0;
		};
/* End PBXResourcesBuildPhase section */

/* Begin PBXSourcesBuildPhase section */
		7E253DDB2545C83300109756 /* Sources */ = {
			isa = PBXSourcesBuildPhase;
			buildActionMask = 2147483647;
			files = (
				7E253DE52545C83300109756 /* ViewController.swift in Sources */,
				7E253DE32545C83300109756 /* AppDelegate.swift in Sources */,
			);
			runOnlyForDeploymentPostprocessing = 0;
		};
		7E253DEF2545C83B00109756 /* Sources */ = {
			isa = PBXSourcesBuildPhase;
			buildActionMask = 2147483647;
			files = (
				7E253DF82545C83B00109756 /* ios_mvvm_appTests.swift in Sources */,
			);
			runOnlyForDeploymentPostprocessing = 0;
		};
		7E253DFA2545C83B00109756 /* Sources */ = {
			isa = PBXSourcesBuildPhase;
			buildActionMask = 2147483647;
			files = (
				7E253E032545C83B00109756 /* ios_mvvm_appUITests.swift in Sources */,
			);
			runOnlyForDeploymentPostprocessing = 0;
		};
/* End PBXSourcesBuildPhase section */

/* Begin PBXTargetDependency section */
		7E253DF52545C83B00109756 /* PBXTargetDependency */ = {
			isa = PBXTargetDependency;
			target = 7E253DDE2545C83300109756 /* ios mvvm app */;
			targetProxy = 7E253DF42545C83B00109756 /* PBXContainerItemProxy */;
		};
		7E253E002545C83B00109756 /* PBXTargetDependency */ = {
			isa = PBXTargetDependency;
			target = 7E253DDE2545C83300109756 /* ios mvvm app */;
			targetProxy = 7E253DFF2545C83B00109756 /* PBXContainerItemProxy */;
		};
/* End PBXTargetDependency section */

/* Begin PBXVariantGroup section */
		7E253DE62545C83300109756 /* Main.storyboard */ = {
			isa = PBXVariantGroup;
			children = (
				7E253DE72545C83300109756 /* Base */,
			);
			name = Main.storyboard;
			sourceTree = "<group>";
		};
		7E253DEB2545C83A00109756 /* LaunchScreen.storyboard */ = {
			isa = PBXVariantGroup;
			children = (
				7E253DEC2545C83A00109756 /* Base */,
			);
			name = LaunchScreen.storyboard;
			sourceTree = "<group>";
		};
/* End PBXVariantGroup section */

/* Begin XCBuildConfiguration section */
		7E253E052545C83B00109756 /* Debug */ = {
			isa = XCBuildConfiguration;
			buildSettings = {
				ALWAYS_SEARCH_USER_PATHS = NO;
				CLANG_ANALYZER_NONNULL = YES;
				CLANG_ANALYZER_NUMBER_OBJECT_CONVERSION = YES_AGGRESSIVE;
				CLANG_CXX_LANGUAGE_STANDARD = "gnu++14";
				CLANG_CXX_LIBRARY = "libc++";
				CLANG_ENABLE_MODULES = YES;
				CLANG_ENABLE_OBJC_ARC = YES;
				CLANG_ENABLE_OBJC_WEAK = YES;
				CLANG_WARN_BLOCK_CAPTURE_AUTORELEASING = YES;
				CLANG_WARN_BOOL_CONVERSION = YES;
				CLANG_WARN_COMMA = YES;
				CLANG_WARN_CONSTANT_CONVERSION = YES;
				CLANG_WARN_DEPRECATED_OBJC_IMPLEMENTATIONS = YES;
				CLANG_WARN_DIRECT_OBJC_ISA_USAGE = YES_ERROR;
				CLANG_WARN_DOCUMENTATION_COMMENTS = YES;
				CLANG_WARN_EMPTY_BODY = YES;
				CLANG_WARN_ENUM_CONVERSION = YES;
				CLANG_WARN_INFINITE_RECURSION = YES;
				CLANG_WARN_INT_CONVERSION = YES;
				CLANG_WARN_NON_LITERAL_NULL_CONVERSION = YES;
				CLANG_WARN_OBJC_IMPLICIT_RETAIN_SELF = YES;
				CLANG_WARN_OBJC_LITERAL_CONVERSION = YES;
				CLANG_WARN_OBJC_ROOT_CLASS = YES_ERROR;
				CLANG_WARN_RANGE_LOOP_ANALYSIS = YES;
				CLANG_WARN_STRICT_PROTOTYPES = YES;
				CLANG_WARN_SUSPICIOUS_MOVE = YES;
				CLANG_WARN_UNGUARDED_AVAILABILITY = YES_AGGRESSIVE;
				CLANG_WARN_UNREACHABLE_CODE = YES;
				CLANG_WARN__DUPLICATE_METHOD_MATCH = YES;
				CODE_SIGN_IDENTITY = "iPhone Developer";
				COPY_PHASE_STRIP = NO;
				DEBUG_INFORMATION_FORMAT = dwarf;
				ENABLE_STRICT_OBJC_MSGSEND = YES;
				ENABLE_TESTABILITY = YES;
				GCC_C_LANGUAGE_STANDARD = gnu11;
				GCC_DYNAMIC_NO_PIC = NO;
				GCC_NO_COMMON_BLOCKS = YES;
				GCC_OPTIMIZATION_LEVEL = 0;
				GCC_PREPROCESSOR_DEFINITIONS = (
					"DEBUG=1",
					"$(inherited)",
				);
				GCC_WARN_64_TO_32_BIT_CONVERSION = YES;
				GCC_WARN_ABOUT_RETURN_TYPE = YES_ERROR;
				GCC_WARN_UNDECLARED_SELECTOR = YES;
				GCC_WARN_UNINITIALIZED_AUTOS = YES_AGGRESSIVE;
				GCC_WARN_UNUSED_FUNCTION = YES;
				GCC_WARN_UNUSED_VARIABLE = YES;
				IPHONEOS_DEPLOYMENT_TARGET = 12.2;
				MTL_ENABLE_DEBUG_INFO = INCLUDE_SOURCE;
				MTL_FAST_MATH = YES;
				ONLY_ACTIVE_ARCH = YES;
				SDKROOT = iphoneos;
				SWIFT_ACTIVE_COMPILATION_CONDITIONS = DEBUG;
				SWIFT_OPTIMIZATION_LEVEL = "-Onone";
			};
			name = Debug;
		};
		7E253E062545C83B00109756 /* Release */ = {
			isa = XCBuildConfiguration;
			buildSettings = {
				ALWAYS_SEARCH_USER_PATHS = NO;
				CLANG_ANALYZER_NONNULL = YES;
				CLANG_ANALYZER_NUMBER_OBJECT_CONVERSION = YES_AGGRESSIVE;
				CLANG_CXX_LANGUAGE_STANDARD = "gnu++14";
				CLANG_CXX_LIBRARY = "libc++";
				CLANG_ENABLE_MODULES = YES;
				CLANG_ENABLE_OBJC_ARC = YES;
				CLANG_ENABLE_OBJC_WEAK = YES;
				CLANG_WARN_BLOCK_CAPTURE_AUTORELEASING = YES;
				CLANG_WARN_BOOL_CONVERSION = YES;
				CLANG_WARN_COMMA = YES;
				CLANG_WARN_CONSTANT_CONVERSION = YES;
				CLANG_WARN_DEPRECATED_OBJC_IMPLEMENTATIONS = YES;
				CLANG_WARN_DIRECT_OBJC_ISA_USAGE = YES_ERROR;
				CLANG_WARN_DOCUMENTATION_COMMENTS = YES;
				CLANG_WARN_EMPTY_BODY = YES;
				CLANG_WARN_ENUM_CONVERSION = YES;
				CLANG_WARN_INFINITE_RECURSION = YES;
				CLANG_WARN_INT_CONVERSION = YES;
				CLANG_WARN_NON_LITERAL_NULL_CONVERSION = YES;
				CLANG_WARN_OBJC_IMPLICIT_RETAIN_SELF = YES;
				CLANG_WARN_OBJC_LITERAL_CONVERSION = YES;
				CLANG_WARN_OBJC_ROOT_CLASS = YES_ERROR;
				CLANG_WARN_RANGE_LOOP_ANALYSIS = YES;
				CLANG_WARN_STRICT_PROTOTYPES = YES;
				CLANG_WARN_SUSPICIOUS_MOVE = YES;
				CLANG_WARN_UNGUARDED_AVAILABILITY = YES_AGGRESSIVE;
				CLANG_WARN_UNREACHABLE_CODE = YES;
				CLANG_WARN__DUPLICATE_METHOD_MATCH = YES;
				CODE_SIGN_IDENTITY = "iPhone Developer";
				COPY_PHASE_STRIP = NO;
				DEBUG_INFORMATION_FORMAT = "dwarf-with-dsym";
				ENABLE_NS_ASSERTIONS = NO;
				ENABLE_STRICT_OBJC_MSGSEND = YES;
				GCC_C_LANGUAGE_STANDARD = gnu11;
				GCC_NO_COMMON_BLOCKS = YES;
				GCC_WARN_64_TO_32_BIT_CONVERSION = YES;
				GCC_WARN_ABOUT_RETURN_TYPE = YES_ERROR;
				GCC_WARN_UNDECLARED_SELECTOR = YES;
				GCC_WARN_UNINITIALIZED_AUTOS = YES_AGGRESSIVE;
				GCC_WARN_UNUSED_FUNCTION = YES;
				GCC_WARN_UNUSED_VARIABLE = YES;
				IPHONEOS_DEPLOYMENT_TARGET = 12.2;
				MTL_ENABLE_DEBUG_INFO = NO;
				MTL_FAST_MATH = YES;
				SDKROOT = iphoneos;
				SWIFT_COMPILATION_MODE = wholemodule;
				SWIFT_OPTIMIZATION_LEVEL = "-O";
				VALIDATE_PRODUCT = YES;
			};
			name = Release;
		};
		7E253E082545C83B00109756 /* Debug */ = {
			isa = XCBuildConfiguration;
			buildSettings = {
				ASSETCATALOG_COMPILER_APPICON_NAME = AppIcon;
				CODE_SIGN_STYLE = Automatic;
				DEVELOPMENT_TEAM = C9AK46NJZJ;
				INFOPLIST_FILE = "ios mvvm app/Info.plist";
				LD_RUNPATH_SEARCH_PATHS = (
					"$(inherited)",
					"@executable_path/Frameworks",
				);
				PRODUCT_BUNDLE_IDENTIFIER = "IOSCourse.ios-mvvm-app";
				PRODUCT_NAME = "$(TARGET_NAME)";
				SWIFT_VERSION = 5.0;
				TARGETED_DEVICE_FAMILY = "1,2";
			};
			name = Debug;
		};
		7E253E092545C83B00109756 /* Release */ = {
			isa = XCBuildConfiguration;
			buildSettings = {
				ASSETCATALOG_COMPILER_APPICON_NAME = AppIcon;
				CODE_SIGN_STYLE = Automatic;
				DEVELOPMENT_TEAM = C9AK46NJZJ;
				INFOPLIST_FILE = "ios mvvm app/Info.plist";
				LD_RUNPATH_SEARCH_PATHS = (
					"$(inherited)",
					"@executable_path/Frameworks",
				);
				PRODUCT_BUNDLE_IDENTIFIER = "IOSCourse.ios-mvvm-app";
				PRODUCT_NAME = "$(TARGET_NAME)";
				SWIFT_VERSION = 5.0;
				TARGETED_DEVICE_FAMILY = "1,2";
			};
			name = Release;
		};
		7E253E0B2545C83B00109756 /* Debug */ = {
			isa = XCBuildConfiguration;
			buildSettings = {
				ALWAYS_EMBED_SWIFT_STANDARD_LIBRARIES = YES;
				BUNDLE_LOADER = "$(TEST_HOST)";
				CODE_SIGN_STYLE = Automatic;
				DEVELOPMENT_TEAM = C9AK46NJZJ;
				INFOPLIST_FILE = "ios mvvm appTests/Info.plist";
				LD_RUNPATH_SEARCH_PATHS = (
					"$(inherited)",
					"@executable_path/Frameworks",
					"@loader_path/Frameworks",
				);
				PRODUCT_BUNDLE_IDENTIFIER = "IOSCourse.ios-mvvm-appTests";
				PRODUCT_NAME = "$(TARGET_NAME)";
				SWIFT_VERSION = 5.0;
				TARGETED_DEVICE_FAMILY = "1,2";
				TEST_HOST = "$(BUILT_PRODUCTS_DIR)/ios mvvm app.app/ios mvvm app";
			};
			name = Debug;
		};
		7E253E0C2545C83B00109756 /* Release */ = {
			isa = XCBuildConfiguration;
			buildSettings = {
				ALWAYS_EMBED_SWIFT_STANDARD_LIBRARIES = YES;
				BUNDLE_LOADER = "$(TEST_HOST)";
				CODE_SIGN_STYLE = Automatic;
				DEVELOPMENT_TEAM = C9AK46NJZJ;
				INFOPLIST_FILE = "ios mvvm appTests/Info.plist";
				LD_RUNPATH_SEARCH_PATHS = (
					"$(inherited)",
					"@executable_path/Frameworks",
					"@loader_path/Frameworks",
				);
				PRODUCT_BUNDLE_IDENTIFIER = "IOSCourse.ios-mvvm-appTests";
				PRODUCT_NAME = "$(TARGET_NAME)";
				SWIFT_VERSION = 5.0;
				TARGETED_DEVICE_FAMILY = "1,2";
				TEST_HOST = "$(BUILT_PRODUCTS_DIR)/ios mvvm app.app/ios mvvm app";
			};
			name = Release;
		};
		7E253E0E2545C83B00109756 /* Debug */ = {
			isa = XCBuildConfiguration;
			buildSettings = {
				ALWAYS_EMBED_SWIFT_STANDARD_LIBRARIES = YES;
				CODE_SIGN_STYLE = Automatic;
				DEVELOPMENT_TEAM = C9AK46NJZJ;
				INFOPLIST_FILE = "ios mvvm appUITests/Info.plist";
				LD_RUNPATH_SEARCH_PATHS = (
					"$(inherited)",
					"@executable_path/Frameworks",
					"@loader_path/Frameworks",
				);
				PRODUCT_BUNDLE_IDENTIFIER = "IOSCourse.ios-mvvm-appUITests";
				PRODUCT_NAME = "$(TARGET_NAME)";
				SWIFT_VERSION = 5.0;
				TARGETED_DEVICE_FAMILY = "1,2";
				TEST_TARGET_NAME = "ios mvvm app";
			};
			name = Debug;
		};
		7E253E0F2545C83B00109756 /* Release */ = {
			isa = XCBuildConfiguration;
			buildSettings = {
				ALWAYS_EMBED_SWIFT_STANDARD_LIBRARIES = YES;
				CODE_SIGN_STYLE = Automatic;
				DEVELOPMENT_TEAM = C9AK46NJZJ;
				INFOPLIST_FILE = "ios mvvm appUITests/Info.plist";
				LD_RUNPATH_SEARCH_PATHS = (
					"$(inherited)",
					"@executable_path/Frameworks",
					"@loader_path/Frameworks",
				);
				PRODUCT_BUNDLE_IDENTIFIER = "IOSCourse.ios-mvvm-appUITests";
				PRODUCT_NAME = "$(TARGET_NAME)";
				SWIFT_VERSION = 5.0;
				TARGETED_DEVICE_FAMILY = "1,2";
				TEST_TARGET_NAME = "ios mvvm app";
			};
			name = Release;
		};
/* End XCBuildConfiguration section */

/* Begin XCConfigurationList section */
		7E253DDA2545C83300109756 /* Build configuration list for PBXProject "ios mvvm app" */ = {
			isa = XCConfigurationList;
			buildConfigurations = (
				7E253E052545C83B00109756 /* Debug */,
				7E253E062545C83B00109756 /* Release */,
			);
			defaultConfigurationIsVisible = 0;
			defaultConfigurationName = Release;
		};
		7E253E072545C83B00109756 /* Build configuration list for PBXNativeTarget "ios mvvm app" */ = {
			isa = XCConfigurationList;
			buildConfigurations = (
				7E253E082545C83B00109756 /* Debug */,
				7E253E092545C83B00109756 /* Release */,
			);
			defaultConfigurationIsVisible = 0;
			defaultConfigurationName = Release;
		};
		7E253E0A2545C83B00109756 /* Build configuration list for PBXNativeTarget "ios mvvm appTests" */ = {
			isa = XCConfigurationList;
			buildConfigurations = (
				7E253E0B2545C83B00109756 /* Debug */,
				7E253E0C2545C83B00109756 /* Release */,
			);
			defaultConfigurationIsVisible = 0;
			defaultConfigurationName = Release;
		};
		7E253E0D2545C83B00109756 /* Build configuration list for PBXNativeTarget "ios mvvm appUITests" */ = {
			isa = XCConfigurationList;
			buildConfigurations = (
				7E253E0E2545C83B00109756 /* Debug */,
				7E253E0F2545C83B00109756 /* Release */,
			);
			defaultConfigurationIsVisible = 0;
			defaultConfigurationName = Release;
		};
/* End XCConfigurationList section */
	};
	rootObject = 7E253DD72545C83300109756 /* Project object */;
}
